<?xml version="1.0" encoding="utf-8"?>
<Project ToolsVersion="4.0" xmlns="http://schemas.microsoft.com/developer/msbuild/2003">
  <ItemGroup>
    <Filter Include="Source Files">
      <UniqueIdentifier>{4FC737F1-C7A5-4376-A066-2A32D752A2FF}</UniqueIdentifier>
      <Extensions>cpp;c;cc;cxx;def;odl;idl;hpj;bat;asm;asmx</Extensions>
    </Filter>
    <Filter Include="Header Files">
      <UniqueIdentifier>{93995380-89BD-4b04-88EB-625FBE52EBFB}</UniqueIdentifier>
      <Extensions>h;hpp;hxx;hm;inl;inc;xsd</Extensions>
    </Filter>
    <Filter Include="Resource Files">
      <UniqueIdentifier>{67DA6AB6-F800-4c08-8B7A-83BB121AAD01}</UniqueIdentifier>
      <Extensions>rc;ico;cur;bmp;dlg;rc2;rct;bin;rgs;gif;jpg;jpeg;jpe;resx;tiff;tif;png;wav;mfcribbon-ms</Extensions>
    </Filter>
    <Filter Include="Other Resources">
      <UniqueIdentifier>{6b488c6d-d3d6-423d-920e-350220af692b}</UniqueIdentifier>
      <ParseFiles>true</ParseFiles>
    </Filter>
    <Filter Include="Other Resources\Documents">
      <UniqueIdentifier>{d18b3fee-b686-41c5-98c2-0e3d79fed2d5}</UniqueIdentifier>
    </Filter>
  </ItemGroup>
  <ItemGroup>
    <None Include="EC_Controller.ino" />
    <None Include="SD Card\web\menuBar.htm">
      <Filter>Resource Files</Filter>
    </None>
    <None Include="SD Card\settings.txt">
      <Filter>Resource Files</Filter>
    </None>
    <None Include="SD Card\web\settings.htm">
      <Filter>Resource Files</Filter>
    </None>
    <None Include="SD Card\web\index.htm">
      <Filter>Resource Files</Filter>
    </None>
    <None Include="SD Card\web\home.htm">
      <Filter>Resource Files</Filter>
    </None>
    <None Include="SD Card\web\head.htm">
      <Filter>Resource Files</Filter>
    </None>
    <None Include="RTC_DS3231.zip">
      <Filter>Other Resources</Filter>
    </None>
    <None Include="SD Card\EC.LOG">
      <Filter>Resource Files</Filter>
    </None>
    <None Include="ClassDiagram.cd">
      <Filter>Other Resources</Filter>
    </None>
  </ItemGroup>
  <ItemGroup>
    <ClInclude Include="EC_Types.h">
      <Filter>Header Files</Filter>
    </ClInclude>
    <ClInclude Include="EC_Interface.h">
      <Filter>Header Files</Filter>
    </ClInclude>
    <ClInclude Include="EC_Interface_Types.h">
      <Filter>Header Files</Filter>
    </ClInclude>
    <ClInclude Include="PinChangeInt.h">
      <Filter>Header Files</Filter>
    </ClInclude>
    <ClInclude Include="SDLogger.h">
      <Filter>Header Files</Filter>
    </ClInclude>
    <ClInclude Include="EventManager.h">
      <Filter>Header Files</Filter>
    </ClInclude>
    <ClInclude Include="OutputsManager.h">
      <Filter>Header Files</Filter>
    </ClInclude>
    <ClInclude Include="Debug.h">
      <Filter>Header Files</Filter>
    </ClInclude>
    <ClInclude Include="RTC_DS3231.h">
      <Filter>Header Files</Filter>
    </ClInclude>
    <ClInclude Include="SDWebServer.h">
      <Filter>Header Files</Filter>
    </ClInclude>
    <ClInclude Include="EC_TemperatureControl.h">
      <Filter>Header Files</Filter>
    </ClInclude>
    <ClInclude Include="Visual Micro\.EC_Controller.vsarduino.h">
      <Filter>Header Files</Filter>
    </ClInclude>
  </ItemGroup>
  <ItemGroup>
    <ClCompile Include="EC_Interface.cpp">
      <Filter>Source Files</Filter>
    </ClCompile>
    <ClCompile Include="SDLogger.cpp">
      <Filter>Source Files</Filter>
    </ClCompile>
    <ClCompile Include="EventManager.cpp">
      <Filter>Source Files</Filter>
    </ClCompile>
    <ClCompile Include="OutputsManager.cpp">
      <Filter>Source Files</Filter>
    </ClCompile>
    <ClCompile Include="RTC_DS3231.cpp">
      <Filter>Source Files</Filter>
    </ClCompile>
    <ClCompile Include="SDWebServer.cpp">
      <Filter>Source Files</Filter>
    </ClCompile>
    <ClCompile Include="EC_TemperatureControl.cpp">
      <Filter>Source Files</Filter>
    </ClCompile>
  </ItemGroup>
</Project>